
Microsoft Visual Studio Solution File, Format Version 12.00
# Visual Studio Version 17
VisualStudioVersion = 17.5.33516.290
MinimumVisualStudioVersion = 10.0.40219.1
Project("{FAE04EC0-301F-11D3-BF4B-00C04F79EFBC}") = "11laba", "11laba\11laba.csproj", "{0431EE05-0FD2-4DB6-905B-3D84116967A8}"
EndProject
Global
	GlobalSection(SolutionConfigurationPlatforms) = preSolution
		Debug|Any CPU = Debug|Any CPU
		Release|Any CPU = Release|Any CPU
	EndGlobalSection
	GlobalSection(ProjectConfigurationPlatforms) = postSolution
		{0431EE05-0FD2-4DB6-905B-3D84116967A8}.Debug|Any CPU.ActiveCfg = Debug|Any CPU
		{0431EE05-0FD2-4DB6-905B-3D84116967A8}.Debug|Any CPU.Build.0 = Debug|Any CPU
		{0431EE05-0FD2-4DB6-905B-3D84116967A8}.Release|Any CPU.ActiveCfg = Release|Any CPU
		{0431EE05-0FD2-4DB6-905B-3D84116967A8}.Release|Any CPU.Build.0 = Release|Any CPU
	EndGlobalSection
	GlobalSection(SolutionProperties) = preSolution
		HideSolutionNode = FALSE
	EndGlobalSection
	GlobalSection(ExtensibilityGlobals) = postSolution
		SolutionGuid = {187AC4EF-B761-40BF-8A2F-CF67F95D3B66}
	EndGlobalSection
EndGlobal
